// !$*UTF8*$!
{
	archiveVersion = 1;
	classes = {
	};
	objectVersion = 50;
	objects = {

/* Begin PBXBuildFile section */
		3F45811D2088C37200CB6ED0 /* Delm-Medium.otf in Resources */ = {isa = PBXBuildFile; fileRef = 3F45811C2088C37100CB6ED0 /* Delm-Medium.otf */; };
		3F45811F2088C47200CB6ED0 /* ThirstySoftRegular.otf in Resources */ = {isa = PBXBuildFile; fileRef = 3F45811E2088C47200CB6ED0 /* ThirstySoftRegular.otf */; };
		3F7FF5942087BC1D00FF778D /* AppDelegate.swift in Sources */ = {isa = PBXBuildFile; fileRef = 3F7FF5932087BC1D00FF778D /* AppDelegate.swift */; };
		3F7FF5962087BC1D00FF778D /* ViewController.swift in Sources */ = {isa = PBXBuildFile; fileRef = 3F7FF5952087BC1D00FF778D /* ViewController.swift */; };
		3F7FF5992087BC1D00FF778D /* Main.storyboard in Resources */ = {isa = PBXBuildFile; fileRef = 3F7FF5972087BC1D00FF778D /* Main.storyboard */; };
		3F7FF59B2087BC1E00FF778D /* Assets.xcassets in Resources */ = {isa = PBXBuildFile; fileRef = 3F7FF59A2087BC1E00FF778D /* Assets.xcassets */; };
		3F7FF59E2087BC1E00FF778D /* LaunchScreen.storyboard in Resources */ = {isa = PBXBuildFile; fileRef = 3F7FF59C2087BC1E00FF778D /* LaunchScreen.storyboard */; };
		3F7FF5A92087BC1E00FF778D /* InstagridTests.swift in Sources */ = {isa = PBXBuildFile; fileRef = 3F7FF5A82087BC1E00FF778D /* InstagridTests.swift */; };
		3FA271C3208E403C0053D884 /* gridView.swift in Sources */ = {isa = PBXBuildFile; fileRef = 3FA271C2208E403C0053D884 /* gridView.swift */; };
/* End PBXBuildFile section */

/* Begin PBXContainerItemProxy section */
		3F7FF5A52087BC1E00FF778D /* PBXContainerItemProxy */ = {
			isa = PBXContainerItemProxy;
			containerPortal = 3F7FF5882087BC1D00FF778D /* Project object */;
			proxyType = 1;
			remoteGlobalIDString = 3F7FF58F2087BC1D00FF778D;
			remoteInfo = Instagrid;
		};
/* End PBXContainerItemProxy section */

/* Begin PBXFileReference section */
		3F45811C2088C37100CB6ED0 /* Delm-Medium.otf */ = {isa = PBXFileReference; lastKnownFileType = file; path = "Delm-Medium.otf"; sourceTree = "<group>"; };
		3F45811E2088C47200CB6ED0 /* ThirstySoftRegular.otf */ = {isa = PBXFileReference; lastKnownFileType = file; path = ThirstySoftRegular.otf; sourceTree = "<group>"; };
		3F7FF5902087BC1D00FF778D /* Instagrid.app */ = {isa = PBXFileReference; explicitFileType = wrapper.application; includeInIndex = 0; path = Instagrid.app; sourceTree = BUILT_PRODUCTS_DIR; };
		3F7FF5932087BC1D00FF778D /* AppDelegate.swift */ = {isa = PBXFileReference; lastKnownFileType = sourcecode.swift; path = AppDelegate.swift; sourceTree = "<group>"; };
		3F7FF5952087BC1D00FF778D /* ViewController.swift */ = {isa = PBXFileReference; lastKnownFileType = sourcecode.swift; path = ViewController.swift; sourceTree = "<group>"; };
		3F7FF5982087BC1D00FF778D /* Base */ = {isa = PBXFileReference; lastKnownFileType = file.storyboard; name = Base; path = Base.lproj/Main.storyboard; sourceTree = "<group>"; };
		3F7FF59A2087BC1E00FF778D /* Assets.xcassets */ = {isa = PBXFileReference; lastKnownFileType = folder.assetcatalog; path = Assets.xcassets; sourceTree = "<group>"; };
		3F7FF59D2087BC1E00FF778D /* Base */ = {isa = PBXFileReference; lastKnownFileType = file.storyboard; name = Base; path = Base.lproj/LaunchScreen.storyboard; sourceTree = "<group>"; };
		3F7FF59F2087BC1E00FF778D /* Info.plist */ = {isa = PBXFileReference; lastKnownFileType = text.plist.xml; path = Info.plist; sourceTree = "<group>"; };
		3F7FF5A42087BC1E00FF778D /* InstagridTests.xctest */ = {isa = PBXFileReference; explicitFileType = wrapper.cfbundle; includeInIndex = 0; path = InstagridTests.xctest; sourceTree = BUILT_PRODUCTS_DIR; };
		3F7FF5A82087BC1E00FF778D /* InstagridTests.swift */ = {isa = PBXFileReference; lastKnownFileType = sourcecode.swift; path = InstagridTests.swift; sourceTree = "<group>"; };
		3F7FF5AA2087BC1E00FF778D /* Info.plist */ = {isa = PBXFileReference; lastKnownFileType = text.plist.xml; path = Info.plist; sourceTree = "<group>"; };
		3FA271C2208E403C0053D884 /* gridView.swift */ = {isa = PBXFileReference; lastKnownFileType = sourcecode.swift; name = gridView.swift; path = Instagrid/View/gridView.swift; sourceTree = SOURCE_ROOT; };
/* End PBXFileReference section */

/* Begin PBXFrameworksBuildPhase section */
		3F7FF58D2087BC1D00FF778D /* Frameworks */ = {
			isa = PBXFrameworksBuildPhase;
			buildActionMask = 2147483647;
			files = (
			);
			runOnlyForDeploymentPostprocessing = 0;
		};
		3F7FF5A12087BC1E00FF778D /* Frameworks */ = {
			isa = PBXFrameworksBuildPhase;
			buildActionMask = 2147483647;
			files = (
			);
			runOnlyForDeploymentPostprocessing = 0;
		};
/* End PBXFrameworksBuildPhase section */

/* Begin PBXGroup section */
		3F7FF5872087BC1D00FF778D = {
			isa = PBXGroup;
			children = (
				3F7FF5922087BC1D00FF778D /* Instagrid */,
				3F7FF5A72087BC1E00FF778D /* InstagridTests */,
				3F7FF5912087BC1D00FF778D /* Products */,
			);
			sourceTree = "<group>";
		};
		3F7FF5912087BC1D00FF778D /* Products */ = {
			isa = PBXGroup;
			children = (
				3F7FF5902087BC1D00FF778D /* Instagrid.app */,
				3F7FF5A42087BC1E00FF778D /* InstagridTests.xctest */,
			);
			name = Products;
			sourceTree = "<group>";
		};
		3F7FF5922087BC1D00FF778D /* Instagrid */ = {
			isa = PBXGroup;
			children = (
				3F7FF5B42087BCE100FF778D /* Supporting Files */,
				3F7FF5B52087BCF300FF778D /* Model */,
				3F7FF5B72087BD2100FF778D /* View */,
				3F7FF5B82087BD4300FF778D /* Controller */,
			);
			path = Instagrid;
			sourceTree = "<group>";
		};
		3F7FF5A72087BC1E00FF778D /* InstagridTests */ = {
			isa = PBXGroup;
			children = (
				3F7FF5A82087BC1E00FF778D /* InstagridTests.swift */,
				3F7FF5AA2087BC1E00FF778D /* Info.plist */,
			);
			path = InstagridTests;
			sourceTree = "<group>";
		};
		3F7FF5B42087BCE100FF778D /* Supporting Files */ = {
			isa = PBXGroup;
			children = (
				3F7FF59F2087BC1E00FF778D /* Info.plist */,
				3F45811C2088C37100CB6ED0 /* Delm-Medium.otf */,
				3F45811E2088C47200CB6ED0 /* ThirstySoftRegular.otf */,
				3F7FF5932087BC1D00FF778D /* AppDelegate.swift */,
				3F7FF59A2087BC1E00FF778D /* Assets.xcassets */,
			);
			path = "Supporting Files";
			sourceTree = "<group>";
		};
		3F7FF5B52087BCF300FF778D /* Model */ = {
			isa = PBXGroup;
			children = (
			);
			path = Model;
			sourceTree = "<group>";
		};
		3F7FF5B72087BD2100FF778D /* View */ = {
			isa = PBXGroup;
			children = (
				3FA271C2208E403C0053D884 /* gridView.swift */,
				3F7FF5972087BC1D00FF778D /* Main.storyboard */,
				3F7FF59C2087BC1E00FF778D /* LaunchScreen.storyboard */,
			);
			path = View;
			sourceTree = "<group>";
		};
		3F7FF5B82087BD4300FF778D /* Controller */ = {
			isa = PBXGroup;
			children = (
				3F7FF5952087BC1D00FF778D /* ViewController.swift */,
			);
			path = Controller;
			sourceTree = "<group>";
		};
/* End PBXGroup section */

/* Begin PBXNativeTarget section */
		3F7FF58F2087BC1D00FF778D /* Instagrid */ = {
			isa = PBXNativeTarget;
			buildConfigurationList = 3F7FF5AD2087BC1E00FF778D /* Build configuration list for PBXNativeTarget "Instagrid" */;
			buildPhases = (
				3F7FF58C2087BC1D00FF778D /* Sources */,
				3F7FF58D2087BC1D00FF778D /* Frameworks */,
				3F7FF58E2087BC1D00FF778D /* Resources */,
			);
			buildRules = (
			);
			dependencies = (
			);
			name = Instagrid;
			productName = Instagrid;
			productReference = 3F7FF5902087BC1D00FF778D /* Instagrid.app */;
			productType = "com.apple.product-type.application";
		};
		3F7FF5A32087BC1E00FF778D /* InstagridTests */ = {
			isa = PBXNativeTarget;
			buildConfigurationList = 3F7FF5B02087BC1E00FF778D /* Build configuration list for PBXNativeTarget "InstagridTests" */;
			buildPhases = (
				3F7FF5A02087BC1E00FF778D /* Sources */,
				3F7FF5A12087BC1E00FF778D /* Frameworks */,
				3F7FF5A22087BC1E00FF778D /* Resources */,
			);
			buildRules = (
			);
			dependencies = (
				3F7FF5A62087BC1E00FF778D /* PBXTargetDependency */,
			);
			name = InstagridTests;
			productName = InstagridTests;
			productReference = 3F7FF5A42087BC1E00FF778D /* InstagridTests.xctest */;
			productType = "com.apple.product-type.bundle.unit-test";
		};
/* End PBXNativeTarget section */

/* Begin PBXProject section */
		3F7FF5882087BC1D00FF778D /* Project object */ = {
			isa = PBXProject;
			attributes = {
				LastSwiftUpdateCheck = 0930;
				LastUpgradeCheck = 0930;
				ORGANIZATIONNAME = "William Désécot";
				TargetAttributes = {
					3F7FF58F2087BC1D00FF778D = {
						CreatedOnToolsVersion = 9.3;
					};
					3F7FF5A32087BC1E00FF778D = {
						CreatedOnToolsVersion = 9.3;
						TestTargetID = 3F7FF58F2087BC1D00FF778D;
					};
				};
			};
			buildConfigurationList = 3F7FF58B2087BC1D00FF778D /* Build configuration list for PBXProject "Instagrid" */;
			compatibilityVersion = "Xcode 9.3";
			developmentRegion = en;
			hasScannedForEncodings = 0;
			knownRegions = (
				en,
				Base,
			);
			mainGroup = 3F7FF5872087BC1D00FF778D;
			productRefGroup = 3F7FF5912087BC1D00FF778D /* Products */;
			projectDirPath = "";
			projectRoot = "";
			targets = (
				3F7FF58F2087BC1D00FF778D /* Instagrid */,
				3F7FF5A32087BC1E00FF778D /* InstagridTests */,
			);
		};
/* End PBXProject section */

/* Begin PBXResourcesBuildPhase section */
		3F7FF58E2087BC1D00FF778D /* Resources */ = {
			isa = PBXResourcesBuildPhase;
			buildActionMask = 2147483647;
			files = (
				3F7FF59E2087BC1E00FF778D /* LaunchScreen.storyboard in Resources */,
				3F7FF59B2087BC1E00FF778D /* Assets.xcassets in Resources */,
				3F45811F2088C47200CB6ED0 /* ThirstySoftRegular.otf in Resources */,
				3F45811D2088C37200CB6ED0 /* Delm-Medium.otf in Resources */,
				3F7FF5992087BC1D00FF778D /* Main.storyboard in Resources */,
			);
			runOnlyForDeploymentPostprocessing = 0;
		};
		3F7FF5A22087BC1E00FF778D /* Resources */ = {
			isa = PBXResourcesBuildPhase;
			buildActionMask = 2147483647;
			files = (
			);
			runOnlyForDeploymentPostprocessing = 0;
		};
/* End PBXResourcesBuildPhase section */

/* Begin PBXSourcesBuildPhase section */
		3F7FF58C2087BC1D00FF778D /* Sources */ = {
			isa = PBXSourcesBuildPhase;
			buildActionMask = 2147483647;
			files = (
				3FA271C3208E403C0053D884 /* gridView.swift in Sources */,
				3F7FF5962087BC1D00FF778D /* ViewController.swift in Sources */,
				3F7FF5942087BC1D00FF778D /* AppDelegate.swift in Sources */,
			);
			runOnlyForDeploymentPostprocessing = 0;
		};
		3F7FF5A02087BC1E00FF778D /* Sources */ = {
			isa = PBXSourcesBuildPhase;
			buildActionMask = 2147483647;
			files = (
				3F7FF5A92087BC1E00FF778D /* InstagridTests.swift in Sources */,
			);
			runOnlyForDeploymentPostprocessing = 0;
		};
/* End PBXSourcesBuildPhase section */

/* Begin PBXTargetDependency section */
		3F7FF5A62087BC1E00FF778D /* PBXTargetDependency */ = {
			isa = PBXTargetDependency;
			target = 3F7FF58F2087BC1D00FF778D /* Instagrid */;
			targetProxy = 3F7FF5A52087BC1E00FF778D /* PBXContainerItemProxy */;
		};
/* End PBXTargetDependency section */

/* Begin PBXVariantGroup section */
		3F7FF5972087BC1D00FF778D /* Main.storyboard */ = {
			isa = PBXVariantGroup;
			children = (
				3F7FF5982087BC1D00FF778D /* Base */,
			);
			name = Main.storyboard;
			sourceTree = "<group>";
		};
		3F7FF59C2087BC1E00FF778D /* LaunchScreen.storyboard */ = {
			isa = PBXVariantGroup;
			children = (
				3F7FF59D2087BC1E00FF778D /* Base */,
			);
			name = LaunchScreen.storyboard;
			sourceTree = "<group>";
		};
/* End PBXVariantGroup section */

/* Begin XCBuildConfiguration section */
		3F7FF5AB2087BC1E00FF778D /* Debug */ = {
			isa = XCBuildConfiguration;
			buildSettings = {
				ALWAYS_SEARCH_USER_PATHS = NO;
				CLANG_ANALYZER_NONNULL = YES;
				CLANG_ANALYZER_NUMBER_OBJECT_CONVERSION = YES_AGGRESSIVE;
				CLANG_CXX_LANGUAGE_STANDARD = "gnu++14";
				CLANG_CXX_LIBRARY = "libc++";
				CLANG_ENABLE_MODULES = YES;
				CLANG_ENABLE_OBJC_ARC = YES;
				CLANG_ENABLE_OBJC_WEAK = YES;
				CLANG_WARN_BLOCK_CAPTURE_AUTORELEASING = YES;
				CLANG_WARN_BOOL_CONVERSION = YES;
				CLANG_WARN_COMMA = YES;
				CLANG_WARN_CONSTANT_CONVERSION = YES;
				CLANG_WARN_DEPRECATED_OBJC_IMPLEMENTATIONS = YES;
				CLANG_WARN_DIRECT_OBJC_ISA_USAGE = YES_ERROR;
				CLANG_WARN_DOCUMENTATION_COMMENTS = YES;
				CLANG_WARN_EMPTY_BODY = YES;
				CLANG_WARN_ENUM_CONVERSION = YES;
				CLANG_WARN_INFINITE_RECURSION = YES;
				CLANG_WARN_INT_CONVERSION = YES;
				CLANG_WARN_NON_LITERAL_NULL_CONVERSION = YES;
				CLANG_WARN_OBJC_IMPLICIT_RETAIN_SELF = YES;
				CLANG_WARN_OBJC_LITERAL_CONVERSION = YES;
				CLANG_WARN_OBJC_ROOT_CLASS = YES_ERROR;
				CLANG_WARN_RANGE_LOOP_ANALYSIS = YES;
				CLANG_WARN_STRICT_PROTOTYPES = YES;
				CLANG_WARN_SUSPICIOUS_MOVE = YES;
				CLANG_WARN_UNGUARDED_AVAILABILITY = YES_AGGRESSIVE;
				CLANG_WARN_UNREACHABLE_CODE = YES;
				CLANG_WARN__DUPLICATE_METHOD_MATCH = YES;
				CODE_SIGN_IDENTITY = "iPhone Developer";
				COPY_PHASE_STRIP = NO;
				DEBUG_INFORMATION_FORMAT = dwarf;
				ENABLE_STRICT_OBJC_MSGSEND = YES;
				ENABLE_TESTABILITY = YES;
				GCC_C_LANGUAGE_STANDARD = gnu11;
				GCC_DYNAMIC_NO_PIC = NO;
				GCC_NO_COMMON_BLOCKS = YES;
				GCC_OPTIMIZATION_LEVEL = 0;
				GCC_PREPROCESSOR_DEFINITIONS = (
					"DEBUG=1",
					"$(inherited)",
				);
				GCC_WARN_64_TO_32_BIT_CONVERSION = YES;
				GCC_WARN_ABOUT_RETURN_TYPE = YES_ERROR;
				GCC_WARN_UNDECLARED_SELECTOR = YES;
				GCC_WARN_UNINITIALIZED_AUTOS = YES_AGGRESSIVE;
				GCC_WARN_UNUSED_FUNCTION = YES;
				GCC_WARN_UNUSED_VARIABLE = YES;
				IPHONEOS_DEPLOYMENT_TARGET = 11.3;
				MTL_ENABLE_DEBUG_INFO = YES;
				ONLY_ACTIVE_ARCH = YES;
				SDKROOT = iphoneos;
				SWIFT_ACTIVE_COMPILATION_CONDITIONS = DEBUG;
				SWIFT_OPTIMIZATION_LEVEL = "-Onone";
			};
			name = Debug;
		};
		3F7FF5AC2087BC1E00FF778D /* Release */ = {
			isa = XCBuildConfiguration;
			buildSettings = {
				ALWAYS_SEARCH_USER_PATHS = NO;
				CLANG_ANALYZER_NONNULL = YES;
				CLANG_ANALYZER_NUMBER_OBJECT_CONVERSION = YES_AGGRESSIVE;
				CLANG_CXX_LANGUAGE_STANDARD = "gnu++14";
				CLANG_CXX_LIBRARY = "libc++";
				CLANG_ENABLE_MODULES = YES;
				CLANG_ENABLE_OBJC_ARC = YES;
				CLANG_ENABLE_OBJC_WEAK = YES;
				CLANG_WARN_BLOCK_CAPTURE_AUTORELEASING = YES;
				CLANG_WARN_BOOL_CONVERSION = YES;
				CLANG_WARN_COMMA = YES;
				CLANG_WARN_CONSTANT_CONVERSION = YES;
				CLANG_WARN_DEPRECATED_OBJC_IMPLEMENTATIONS = YES;
				CLANG_WARN_DIRECT_OBJC_ISA_USAGE = YES_ERROR;
				CLANG_WARN_DOCUMENTATION_COMMENTS = YES;
				CLANG_WARN_EMPTY_BODY = YES;
				CLANG_WARN_ENUM_CONVERSION = YES;
				CLANG_WARN_INFINITE_RECURSION = YES;
				CLANG_WARN_INT_CONVERSION = YES;
				CLANG_WARN_NON_LITERAL_NULL_CONVERSION = YES;
				CLANG_WARN_OBJC_IMPLICIT_RETAIN_SELF = YES;
				CLANG_WARN_OBJC_LITERAL_CONVERSION = YES;
				CLANG_WARN_OBJC_ROOT_CLASS = YES_ERROR;
				CLANG_WARN_RANGE_LOOP_ANALYSIS = YES;
				CLANG_WARN_STRICT_PROTOTYPES = YES;
				CLANG_WARN_SUSPICIOUS_MOVE = YES;
				CLANG_WARN_UNGUARDED_AVAILABILITY = YES_AGGRESSIVE;
				CLANG_WARN_UNREACHABLE_CODE = YES;
				CLANG_WARN__DUPLICATE_METHOD_MATCH = YES;
				CODE_SIGN_IDENTITY = "iPhone Developer";
				COPY_PHASE_STRIP = NO;
				DEBUG_INFORMATION_FORMAT = "dwarf-with-dsym";
				ENABLE_NS_ASSERTIONS = NO;
				ENABLE_STRICT_OBJC_MSGSEND = YES;
				GCC_C_LANGUAGE_STANDARD = gnu11;
				GCC_NO_COMMON_BLOCKS = YES;
				GCC_WARN_64_TO_32_BIT_CONVERSION = YES;
				GCC_WARN_ABOUT_RETURN_TYPE = YES_ERROR;
				GCC_WARN_UNDECLARED_SELECTOR = YES;
				GCC_WARN_UNINITIALIZED_AUTOS = YES_AGGRESSIVE;
				GCC_WARN_UNUSED_FUNCTION = YES;
				GCC_WARN_UNUSED_VARIABLE = YES;
				IPHONEOS_DEPLOYMENT_TARGET = 11.3;
				MTL_ENABLE_DEBUG_INFO = NO;
				SDKROOT = iphoneos;
				SWIFT_COMPILATION_MODE = wholemodule;
				SWIFT_OPTIMIZATION_LEVEL = "-O";
				VALIDATE_PRODUCT = YES;
			};
			name = Release;
		};
		3F7FF5AE2087BC1E00FF778D /* Debug */ = {
			isa = XCBuildConfiguration;
			buildSettings = {
				ASSETCATALOG_COMPILER_APPICON_NAME = AppIcon;
				CODE_SIGN_STYLE = Automatic;
				DEVELOPMENT_TEAM = LGXH6EX8FJ;
				INFOPLIST_FILE = "$(SRCROOT)/Instagrid/Supporting Files/Info.plist";
				LD_RUNPATH_SEARCH_PATHS = (
					"$(inherited)",
					"@executable_path/Frameworks",
				);
				PRODUCT_BUNDLE_IDENTIFIER = William.Instagrid;
				PRODUCT_NAME = "$(TARGET_NAME)";
				SWIFT_VERSION = 4.0;
				TARGETED_DEVICE_FAMILY = 1;
			};
			name = Debug;
		};
		3F7FF5AF2087BC1E00FF778D /* Release */ = {
			isa = XCBuildConfiguration;
			buildSettings = {
				ASSETCATALOG_COMPILER_APPICON_NAME = AppIcon;
				CODE_SIGN_STYLE = Automatic;
				DEVELOPMENT_TEAM = LGXH6EX8FJ;
				INFOPLIST_FILE = "$(SRCROOT)/Instagrid/Supporting Files/Info.plist";
				LD_RUNPATH_SEARCH_PATHS = (
					"$(inherited)",
					"@executable_path/Frameworks",
				);
				PRODUCT_BUNDLE_IDENTIFIER = William.Instagrid;
				PRODUCT_NAME = "$(TARGET_NAME)";
				SWIFT_VERSION = 4.0;
				TARGETED_DEVICE_FAMILY = 1;
			};
			name = Release;
		};
		3F7FF5B12087BC1E00FF778D /* Debug */ = {
			isa = XCBuildConfiguration;
			buildSettings = {
				ALWAYS_EMBED_SWIFT_STANDARD_LIBRARIES = YES;
				BUNDLE_LOADER = "$(TEST_HOST)";
				CODE_SIGN_STYLE = Automatic;
				DEVELOPMENT_TEAM = LGXH6EX8FJ;
				INFOPLIST_FILE = InstagridTests/Info.plist;
				LD_RUNPATH_SEARCH_PATHS = (
					"$(inherited)",
					"@executable_path/Frameworks",
					"@loader_path/Frameworks",
				);
				PRODUCT_BUNDLE_IDENTIFIER = William.InstagridTests;
				PRODUCT_NAME = "$(TARGET_NAME)";
				SWIFT_VERSION = 4.0;
				TARGETED_DEVICE_FAMILY = "1,2";
				TEST_HOST = "$(BUILT_PRODUCTS_DIR)/Instagrid.app/Instagrid";
			};
			name = Debug;
		};
		3F7FF5B22087BC1E00FF778D /* Release */ = {
			isa = XCBuildConfiguration;
			buildSettings = {
				ALWAYS_EMBED_SWIFT_STANDARD_LIBRARIES = YES;
				BUNDLE_LOADER = "$(TEST_HOST)";
				CODE_SIGN_STYLE = Automatic;
				DEVELOPMENT_TEAM = LGXH6EX8FJ;
				INFOPLIST_FILE = InstagridTests/Info.plist;
				LD_RUNPATH_SEARCH_PATHS = (
					"$(inherited)",
					"@executable_path/Frameworks",
					"@loader_path/Frameworks",
				);
				PRODUCT_BUNDLE_IDENTIFIER = William.InstagridTests;
				PRODUCT_NAME = "$(TARGET_NAME)";
				SWIFT_VERSION = 4.0;
				TARGETED_DEVICE_FAMILY = "1,2";
				TEST_HOST = "$(BUILT_PRODUCTS_DIR)/Instagrid.app/Instagrid";
			};
			name = Release;
		};
/* End XCBuildConfiguration section */

/* Begin XCConfigurationList section */
		3F7FF58B2087BC1D00FF778D /* Build configuration list for PBXProject "Instagrid" */ = {
			isa = XCConfigurationList;
			buildConfigurations = (
				3F7FF5AB2087BC1E00FF778D /* Debug */,
				3F7FF5AC2087BC1E00FF778D /* Release */,
			);
			defaultConfigurationIsVisible = 0;
			defaultConfigurationName = Release;
		};
		3F7FF5AD2087BC1E00FF778D /* Build configuration list for PBXNativeTarget "Instagrid" */ = {
			isa = XCConfigurationList;
			buildConfigurations = (
				3F7FF5AE2087BC1E00FF778D /* Debug */,
				3F7FF5AF2087BC1E00FF778D /* Release */,
			);
			defaultConfigurationIsVisible = 0;
			defaultConfigurationName = Release;
		};
		3F7FF5B02087BC1E00FF778D /* Build configuration list for PBXNativeTarget "InstagridTests" */ = {
			isa = XCConfigurationList;
			buildConfigurations = (
				3F7FF5B12087BC1E00FF778D /* Debug */,
				3F7FF5B22087BC1E00FF778D /* Release */,
			);
			defaultConfigurationIsVisible = 0;
			defaultConfigurationName = Release;
		};
/* End XCConfigurationList section */
	};
	rootObject = 3F7FF5882087BC1D00FF778D /* Project object */;
}
